
Microsoft Visual Studio Solution File, Format Version 12.00
# Visual Studio Version 17
VisualStudioVersion = 17.14.36121.58 d17.14
MinimumVisualStudioVersion = 10.0.40219.1
Project("{FAE04EC0-301F-11D3-BF4B-00C04F79EFBC}") = "RMS", "RMS.csproj", "{D62D3EEE-A794-43D1-A33D-D1EA60BCF562}"
EndProject
Global
	GlobalSection(SolutionConfigurationPlatforms) = preSolution
		Debug|Any CPU = Debug|Any CPU
		Release|Any CPU = Release|Any CPU
	EndGlobalSection
	GlobalSection(ProjectConfigurationPlatforms) = postSolution
		{D62D3EEE-A794-43D1-A33D-D1EA60BCF562}.Debug|Any CPU.ActiveCfg = Debug|Any CPU
		{D62D3EEE-A794-43D1-A33D-D1EA60BCF562}.Debug|Any CPU.Build.0 = Debug|Any CPU
		{D62D3EEE-A794-43D1-A33D-D1EA60BCF562}.Release|Any CPU.ActiveCfg = Release|Any CPU
		{D62D3EEE-A794-43D1-A33D-D1EA60BCF562}.Release|Any CPU.Build.0 = Release|Any CPU
	EndGlobalSection
	GlobalSection(SolutionProperties) = preSolution
		HideSolutionNode = FALSE
	EndGlobalSection
	GlobalSection(ExtensibilityGlobals) = postSolution
		SolutionGuid = {08FD60E2-2298-48B0-8347-DF08A20D877F}
	EndGlobalSection
EndGlobal
